
Microsoft Visual Studio Solution File, Format Version 12.00
# Visual Studio Version 17
VisualStudioVersion = 17.9.34728.123
MinimumVisualStudioVersion = 10.0.40219.1
Project("{FAE04EC0-301F-11D3-BF4B-00C04F79EFBC}") = "Tienda", "Tienda\Tienda.csproj", "{72636A89-FFAE-41EB-8FF3-B816B7E933E8}"
EndProject
Global
	GlobalSection(SolutionConfigurationPlatforms) = preSolution
		Debug|Any CPU = Debug|Any CPU
		Release|Any CPU = Release|Any CPU
	EndGlobalSection
	GlobalSection(ProjectConfigurationPlatforms) = postSolution
		{72636A89-FFAE-41EB-8FF3-B816B7E933E8}.Debug|Any CPU.ActiveCfg = Debug|Any CPU
		{72636A89-FFAE-41EB-8FF3-B816B7E933E8}.Debug|Any CPU.Build.0 = Debug|Any CPU
		{72636A89-FFAE-41EB-8FF3-B816B7E933E8}.Release|Any CPU.ActiveCfg = Release|Any CPU
		{72636A89-FFAE-41EB-8FF3-B816B7E933E8}.Release|Any CPU.Build.0 = Release|Any CPU
	EndGlobalSection
	GlobalSection(SolutionProperties) = preSolution
		HideSolutionNode = FALSE
	EndGlobalSection
	GlobalSection(ExtensibilityGlobals) = postSolution
		SolutionGuid = {2762DF1A-59B9-450A-BE57-6F7D4F7FDFCD}
	EndGlobalSection
EndGlobal
